
Microsoft Visual Studio Solution File, Format Version 12.00
# Visual Studio Version 16
VisualStudioVersion = 16.0.30320.27
MinimumVisualStudioVersion = 10.0.40219.1
Project("{FAE04EC0-301F-11D3-BF4B-00C04F79EFBC}") = "ChessConsoleIAMath", "ChessConsoleIAMath\ChessConsoleIAMath.csproj", "{295DAFBD-B5E7-4752-9B76-193A4EF3F809}"
EndProject
Global
	GlobalSection(SolutionConfigurationPlatforms) = preSolution
		Debug|Any CPU = Debug|Any CPU
		Release|Any CPU = Release|Any CPU
	EndGlobalSection
	GlobalSection(ProjectConfigurationPlatforms) = postSolution
		{295DAFBD-B5E7-4752-9B76-193A4EF3F809}.Debug|Any CPU.ActiveCfg = Debug|Any CPU
		{295DAFBD-B5E7-4752-9B76-193A4EF3F809}.Debug|Any CPU.Build.0 = Debug|Any CPU
		{295DAFBD-B5E7-4752-9B76-193A4EF3F809}.Release|Any CPU.ActiveCfg = Release|Any CPU
		{295DAFBD-B5E7-4752-9B76-193A4EF3F809}.Release|Any CPU.Build.0 = Release|Any CPU
	EndGlobalSection
	GlobalSection(SolutionProperties) = preSolution
		HideSolutionNode = FALSE
	EndGlobalSection
	GlobalSection(ExtensibilityGlobals) = postSolution
		SolutionGuid = {2990D18C-472A-41E4-8AD6-E3625F5AFB7D}
	EndGlobalSection
EndGlobal
